
Microsoft Visual Studio Solution File, Format Version 12.00
# Visual Studio 15
VisualStudioVersion = 15.0.27130.2036
MinimumVisualStudioVersion = 10.0.40219.1
Project("{FAE04EC0-301F-11D3-BF4B-00C04F79EFBC}") = "researchDataBrowsingInformationSystem", "researchDataBrowsingInformationSystem\researchDataBrowsingInformationSystem.csproj", "{6BC2246B-8D17-4875-B958-82F595EA664B}"
EndProject
Global
	GlobalSection(SolutionConfigurationPlatforms) = preSolution
		Debug|Any CPU = Debug|Any CPU
		Release|Any CPU = Release|Any CPU
	EndGlobalSection
	GlobalSection(ProjectConfigurationPlatforms) = postSolution
		{6BC2246B-8D17-4875-B958-82F595EA664B}.Debug|Any CPU.ActiveCfg = Debug|Any CPU
		{6BC2246B-8D17-4875-B958-82F595EA664B}.Debug|Any CPU.Build.0 = Debug|Any CPU
		{6BC2246B-8D17-4875-B958-82F595EA664B}.Release|Any CPU.ActiveCfg = Release|Any CPU
		{6BC2246B-8D17-4875-B958-82F595EA664B}.Release|Any CPU.Build.0 = Release|Any CPU
	EndGlobalSection
	GlobalSection(SolutionProperties) = preSolution
		HideSolutionNode = FALSE
	EndGlobalSection
	GlobalSection(ExtensibilityGlobals) = postSolution
		SolutionGuid = {4743F6DB-4D0C-41A1-80CA-63E2891E55B1}
	EndGlobalSection
EndGlobal
